
Microsoft Visual Studio Solution File, Format Version 12.00
# Visual Studio Version 17
VisualStudioVersion = 17.6.33723.286
MinimumVisualStudioVersion = 10.0.40219.1
Project("{8BC9CEB8-8B4A-11D0-8D11-00A0C91BC942}") = "1-1", "1-1\1-1.vcxproj", "{251D28F8-9591-4154-B3E3-EBBD1722FF1F}"
EndProject
Project("{8BC9CEB8-8B4A-11D0-8D11-00A0C91BC942}") = "1-2", "1-2\1-2.vcxproj", "{40FBE536-5E9A-4F09-8008-8B50E234D119}"
EndProject
Project("{8BC9CEB8-8B4A-11D0-8D11-00A0C91BC942}") = "1-3", "1-3\1-3.vcxproj", "{19937C42-A471-4904-99DD-713066F7C73F}"
EndProject
Project("{8BC9CEB8-8B4A-11D0-8D11-00A0C91BC942}") = "1-4", "1-4\1-4.vcxproj", "{356E3794-221B-4A4A-B8CB-07E22D64C6C0}"
EndProject
Project("{8BC9CEB8-8B4A-11D0-8D11-00A0C91BC942}") = "1-5", "1-5\1-5.vcxproj", "{80874445-B9C8-45D1-966A-21CBDF27DA5F}"
EndProject
Project("{8BC9CEB8-8B4A-11D0-8D11-00A0C91BC942}") = "1-6", "1-6\1-6.vcxproj", "{97CA9E24-E2E4-488E-9AF2-A4475142C939}"
EndProject
Project("{2150E333-8FDC-42A3-9474-1A3956D46DE8}") = "Chapter 1", "Chapter 1", "{C3578F6B-9F0D-4E98-9225-C3812D237D92}"
EndProject
Project("{2150E333-8FDC-42A3-9474-1A3956D46DE8}") = "Chapter 2", "Chapter 2", "{4D9F38BB-7A60-4D70-A058-B682EC19E0DD}"
EndProject
Project("{8BC9CEB8-8B4A-11D0-8D11-00A0C91BC942}") = "2-1", "2-1\2-1.vcxproj", "{33319315-09A5-4C58-8D41-733B15B2A97F}"
EndProject
Project("{8BC9CEB8-8B4A-11D0-8D11-00A0C91BC942}") = "2-2", "2-2\2-2.vcxproj", "{97A95CDB-A4B7-4606-9866-C50F666F6A1E}"
EndProject
Project("{8BC9CEB8-8B4A-11D0-8D11-00A0C91BC942}") = "2-3", "2-3\2-3.vcxproj", "{72DA88EB-345B-48F7-A7A3-961C6D251229}"
EndProject
Project("{8BC9CEB8-8B4A-11D0-8D11-00A0C91BC942}") = "2-4", "2-4\2-4.vcxproj", "{6D68244E-EEE4-4F80-82B2-5BD6DF39747D}"
EndProject
Global
	GlobalSection(SolutionConfigurationPlatforms) = preSolution
		Debug|x64 = Debug|x64
		Debug|x86 = Debug|x86
		Release|x64 = Release|x64
		Release|x86 = Release|x86
	EndGlobalSection
	GlobalSection(ProjectConfigurationPlatforms) = postSolution
		{251D28F8-9591-4154-B3E3-EBBD1722FF1F}.Debug|x64.ActiveCfg = Debug|x64
		{251D28F8-9591-4154-B3E3-EBBD1722FF1F}.Debug|x64.Build.0 = Debug|x64
		{251D28F8-9591-4154-B3E3-EBBD1722FF1F}.Debug|x86.ActiveCfg = Debug|Win32
		{251D28F8-9591-4154-B3E3-EBBD1722FF1F}.Debug|x86.Build.0 = Debug|Win32
		{251D28F8-9591-4154-B3E3-EBBD1722FF1F}.Release|x64.ActiveCfg = Release|x64
		{251D28F8-9591-4154-B3E3-EBBD1722FF1F}.Release|x64.Build.0 = Release|x64
		{251D28F8-9591-4154-B3E3-EBBD1722FF1F}.Release|x86.ActiveCfg = Release|Win32
		{251D28F8-9591-4154-B3E3-EBBD1722FF1F}.Release|x86.Build.0 = Release|Win32
		{40FBE536-5E9A-4F09-8008-8B50E234D119}.Debug|x64.ActiveCfg = Debug|x64
		{40FBE536-5E9A-4F09-8008-8B50E234D119}.Debug|x64.Build.0 = Debug|x64
		{40FBE536-5E9A-4F09-8008-8B50E234D119}.Debug|x86.ActiveCfg = Debug|Win32
		{40FBE536-5E9A-4F09-8008-8B50E234D119}.Debug|x86.Build.0 = Debug|Win32
		{40FBE536-5E9A-4F09-8008-8B50E234D119}.Release|x64.ActiveCfg = Release|x64
		{40FBE536-5E9A-4F09-8008-8B50E234D119}.Release|x64.Build.0 = Release|x64
		{40FBE536-5E9A-4F09-8008-8B50E234D119}.Release|x86.ActiveCfg = Release|Win32
		{40FBE536-5E9A-4F09-8008-8B50E234D119}.Release|x86.Build.0 = Release|Win32
		{19937C42-A471-4904-99DD-713066F7C73F}.Debug|x64.ActiveCfg = Debug|x64
		{19937C42-A471-4904-99DD-713066F7C73F}.Debug|x64.Build.0 = Debug|x64
		{19937C42-A471-4904-99DD-713066F7C73F}.Debug|x86.ActiveCfg = Debug|Win32
		{19937C42-A471-4904-99DD-713066F7C73F}.Debug|x86.Build.0 = Debug|Win32
		{19937C42-A471-4904-99DD-713066F7C73F}.Release|x64.ActiveCfg = Release|x64
		{19937C42-A471-4904-99DD-713066F7C73F}.Release|x64.Build.0 = Release|x64
		{19937C42-A471-4904-99DD-713066F7C73F}.Release|x86.ActiveCfg = Release|Win32
		{19937C42-A471-4904-99DD-713066F7C73F}.Release|x86.Build.0 = Release|Win32
		{356E3794-221B-4A4A-B8CB-07E22D64C6C0}.Debug|x64.ActiveCfg = Debug|x64
		{356E3794-221B-4A4A-B8CB-07E22D64C6C0}.Debug|x64.Build.0 = Debug|x64
		{356E3794-221B-4A4A-B8CB-07E22D64C6C0}.Debug|x86.ActiveCfg = Debug|Win32
		{356E3794-221B-4A4A-B8CB-07E22D64C6C0}.Debug|x86.Build.0 = Debug|Win32
		{356E3794-221B-4A4A-B8CB-07E22D64C6C0}.Release|x64.ActiveCfg = Release|x64
		{356E3794-221B-4A4A-B8CB-07E22D64C6C0}.Release|x64.Build.0 = Release|x64
		{356E3794-221B-4A4A-B8CB-07E22D64C6C0}.Release|x86.ActiveCfg = Release|Win32
		{356E3794-221B-4A4A-B8CB-07E22D64C6C0}.Release|x86.Build.0 = Release|Win32
		{80874445-B9C8-45D1-966A-21CBDF27DA5F}.Debug|x64.ActiveCfg = Debug|x64
		{80874445-B9C8-45D1-966A-21CBDF27DA5F}.Debug|x64.Build.0 = Debug|x64
		{80874445-B9C8-45D1-966A-21CBDF27DA5F}.Debug|x86.ActiveCfg = Debug|Win32
		{80874445-B9C8-45D1-966A-21CBDF27DA5F}.Debug|x86.Build.0 = Debug|Win32
		{80874445-B9C8-45D1-966A-21CBDF27DA5F}.Release|x64.ActiveCfg = Release|x64
		{80874445-B9C8-45D1-966A-21CBDF27DA5F}.Release|x64.Build.0 = Release|x64
		{80874445-B9C8-45D1-966A-21CBDF27DA5F}.Release|x86.ActiveCfg = Release|Win32
		{80874445-B9C8-45D1-966A-21CBDF27DA5F}.Release|x86.Build.0 = Release|Win32
		{97CA9E24-E2E4-488E-9AF2-A4475142C939}.Debug|x64.ActiveCfg = Debug|x64
		{97CA9E24-E2E4-488E-9AF2-A4475142C939}.Debug|x64.Build.0 = Debug|x64
		{97CA9E24-E2E4-488E-9AF2-A4475142C939}.Debug|x86.ActiveCfg = Debug|Win32
		{97CA9E24-E2E4-488E-9AF2-A4475142C939}.Debug|x86.Build.0 = Debug|Win32
		{97CA9E24-E2E4-488E-9AF2-A4475142C939}.Release|x64.ActiveCfg = Release|x64
		{97CA9E24-E2E4-488E-9AF2-A4475142C939}.Release|x64.Build.0 = Release|x64
		{97CA9E24-E2E4-488E-9AF2-A4475142C939}.Release|x86.ActiveCfg = Release|Win32
		{97CA9E24-E2E4-488E-9AF2-A4475142C939}.Release|x86.Build.0 = Release|Win32
		{33319315-09A5-4C58-8D41-733B15B2A97F}.Debug|x64.ActiveCfg = Debug|x64
		{33319315-09A5-4C58-8D41-733B15B2A97F}.Debug|x64.Build.0 = Debug|x64
		{33319315-09A5-4C58-8D41-733B15B2A97F}.Debug|x86.ActiveCfg = Debug|Win32
		{33319315-09A5-4C58-8D41-733B15B2A97F}.Debug|x86.Build.0 = Debug|Win32
		{33319315-09A5-4C58-8D41-733B15B2A97F}.Release|x64.ActiveCfg = Release|x64
		{33319315-09A5-4C58-8D41-733B15B2A97F}.Release|x64.Build.0 = Release|x64
		{33319315-09A5-4C58-8D41-733B15B2A97F}.Release|x86.ActiveCfg = Release|Win32
		{33319315-09A5-4C58-8D41-733B15B2A97F}.Release|x86.Build.0 = Release|Win32
		{97A95CDB-A4B7-4606-9866-C50F666F6A1E}.Debug|x64.ActiveCfg = Debug|x64
		{97A95CDB-A4B7-4606-9866-C50F666F6A1E}.Debug|x64.Build.0 = Debug|x64
		{97A95CDB-A4B7-4606-9866-C50F666F6A1E}.Debug|x86.ActiveCfg = Debug|Win32
		{97A95CDB-A4B7-4606-9866-C50F666F6A1E}.Debug|x86.Build.0 = Debug|Win32
		{97A95CDB-A4B7-4606-9866-C50F666F6A1E}.Release|x64.ActiveCfg = Release|x64
		{97A95CDB-A4B7-4606-9866-C50F666F6A1E}.Release|x64.Build.0 = Release|x64
		{97A95CDB-A4B7-4606-9866-C50F666F6A1E}.Release|x86.ActiveCfg = Release|Win32
		{97A95CDB-A4B7-4606-9866-C50F666F6A1E}.Release|x86.Build.0 = Release|Win32
		{72DA88EB-345B-48F7-A7A3-961C6D251229}.Debug|x64.ActiveCfg = Debug|x64
		{72DA88EB-345B-48F7-A7A3-961C6D251229}.Debug|x64.Build.0 = Debug|x64
		{72DA88EB-345B-48F7-A7A3-961C6D251229}.Debug|x86.ActiveCfg = Debug|Win32
		{72DA88EB-345B-48F7-A7A3-961C6D251229}.Debug|x86.Build.0 = Debug|Win32
		{72DA88EB-345B-48F7-A7A3-961C6D251229}.Release|x64.ActiveCfg = Release|x64
		{72DA88EB-345B-48F7-A7A3-961C6D251229}.Release|x64.Build.0 = Release|x64
		{72DA88EB-345B-48F7-A7A3-961C6D251229}.Release|x86.ActiveCfg = Release|Win32
		{72DA88EB-345B-48F7-A7A3-961C6D251229}.Release|x86.Build.0 = Release|Win32
		{6D68244E-EEE4-4F80-82B2-5BD6DF39747D}.Debug|x64.ActiveCfg = Debug|x64
		{6D68244E-EEE4-4F80-82B2-5BD6DF39747D}.Debug|x64.Build.0 = Debug|x64
		{6D68244E-EEE4-4F80-82B2-5BD6DF39747D}.Debug|x86.ActiveCfg = Debug|Win32
		{6D68244E-EEE4-4F80-82B2-5BD6DF39747D}.Debug|x86.Build.0 = Debug|Win32
		{6D68244E-EEE4-4F80-82B2-5BD6DF39747D}.Release|x64.ActiveCfg = Release|x64
		{6D68244E-EEE4-4F80-82B2-5BD6DF39747D}.Release|x64.Build.0 = Release|x64
		{6D68244E-EEE4-4F80-82B2-5BD6DF39747D}.Release|x86.ActiveCfg = Release|Win32
		{6D68244E-EEE4-4F80-82B2-5BD6DF39747D}.Release|x86.Build.0 = Release|Win32
	EndGlobalSection
	GlobalSection(SolutionProperties) = preSolution
		HideSolutionNode = FALSE
	EndGlobalSection
	GlobalSection(NestedProjects) = preSolution
		{251D28F8-9591-4154-B3E3-EBBD1722FF1F} = {C3578F6B-9F0D-4E98-9225-C3812D237D92}
		{40FBE536-5E9A-4F09-8008-8B50E234D119} = {C3578F6B-9F0D-4E98-9225-C3812D237D92}
		{19937C42-A471-4904-99DD-713066F7C73F} = {C3578F6B-9F0D-4E98-9225-C3812D237D92}
		{356E3794-221B-4A4A-B8CB-07E22D64C6C0} = {C3578F6B-9F0D-4E98-9225-C3812D237D92}
		{80874445-B9C8-45D1-966A-21CBDF27DA5F} = {C3578F6B-9F0D-4E98-9225-C3812D237D92}
		{97CA9E24-E2E4-488E-9AF2-A4475142C939} = {C3578F6B-9F0D-4E98-9225-C3812D237D92}
		{33319315-09A5-4C58-8D41-733B15B2A97F} = {4D9F38BB-7A60-4D70-A058-B682EC19E0DD}
		{97A95CDB-A4B7-4606-9866-C50F666F6A1E} = {4D9F38BB-7A60-4D70-A058-B682EC19E0DD}
		{72DA88EB-345B-48F7-A7A3-961C6D251229} = {4D9F38BB-7A60-4D70-A058-B682EC19E0DD}
		{6D68244E-EEE4-4F80-82B2-5BD6DF39747D} = {4D9F38BB-7A60-4D70-A058-B682EC19E0DD}
	EndGlobalSection
	GlobalSection(ExtensibilityGlobals) = postSolution
		SolutionGuid = {6BA47A32-2432-4133-A39D-770850BCE9E6}
	EndGlobalSection
EndGlobal
